{
  "name": "PDF",
  "version": "1.0.0",
  "lockfileVersion": 1,
  "requires": true,
  "dependencies": {
    "async": {
      "version": "1.5.2",
      "resolved": "https://registry.npmjs.org/async/-/async-1.5.2.tgz",
      "integrity": "sha1-7GphrlZIDAw8skHJVhjiCJL5Zyo="
    },
    "easy-pdf-merge": {
      "version": "0.2.2",
      "resolved": "https://registry.npmjs.org/easy-pdf-merge/-/easy-pdf-merge-0.2.2.tgz",
      "integrity": "sha512-Cbf4BhCNRnjKQzXY8dbXjNE8KmWsjz7Jj0zk3pkEv8u+wxaLQxWEgu6W/EkH8RuygZIcqPepXNp7HJJ/0A5QTw=="
    },
    "os-tmpdir": {
      "version": "1.0.2",
      "resolved": "https://registry.npmjs.org/os-tmpdir/-/os-tmpdir-1.0.2.tgz",
      "integrity": "sha1-u+Z0BseaqFxc/sdm/lc0VV36EnQ="
    },
    "pdf-merge": {
      "version": "0.1.1",
      "resolved": "https://registry.npmjs.org/pdf-merge/-/pdf-merge-0.1.1.tgz",
      "integrity": "sha1-R70oar7MabTv03aBMEX+ZTezaaI=",
      "requires": {
        "async": "^1.2.0",
        "q": "^1.4.1",
        "shell-escape": "^0.2.0",
        "tmp": "0.0.26",
        "underscore": "^1.8.3"
      }
    },
    "pdftk": {
      "version": "0.0.0-rc.0",
      "resolved": "https://registry.npmjs.org/pdftk/-/pdftk-0.0.0-rc.0.tgz",
      "integrity": "sha1-BKzx4B+hDLQcgS3EPivJgLhI8YI="
    },
    "q": {
      "version": "1.5.1",
      "resolved": "https://registry.npmjs.org/q/-/q-1.5.1.tgz",
      "integrity": "sha1-fjL3W0E4EpHQRhHxvxQQmsAGUdc="
    },
    "shell-escape": {
      "version": "0.2.0",
      "resolved": "https://registry.npmjs.org/shell-escape/-/shell-escape-0.2.0.tgz",
      "integrity": "sha1-aP0CXrBJC09WegJ/C/IkgLX4QTM="
    },
    "tmp": {
      "version": "0.0.26",
      "resolved": "https://registry.npmjs.org/tmp/-/tmp-0.0.26.tgz",
      "integrity": "sha1-nvqCDOKhD4H4l5VVus4/FVJs4fI=",
      "requires": {
        "os-tmpdir": "~1.0.0"
      }
    },
    "underscore": {
      "version": "1.9.1",
      "resolved": "https://registry.npmjs.org/underscore/-/underscore-1.9.1.tgz",
      "integrity": "sha512-5/4etnCkd9c8gwgowi5/om/mYO5ajCaOgdzj/oW+0eQV9WxKBDZw5+ycmKmeaTXjInS/W0BzpGLo2xR2aBwZdg=="
    }
  }
}
