{
  "name": "PDF",
  "version": "1.0.0",
  "lockfileVersion": 1,
  "requires": true,
  "dependencies": {
    "async": {
      "version": "1.5.2",
      "resolved": "https://registry.npmjs.org/async/-/async-1.5.2.tgz",
      "integrity": "sha1-7GphrlZIDAw8skHJVhjiCJL5Zyo="
    },
    "debug": {
      "version": "3.2.6",
      "resolved": "https://registry.npmjs.org/debug/-/debug-3.2.6.tgz",
      "integrity": "sha512-mel+jf7nrtEl5Pn1Qx46zARXKDpBbvzezse7p7LqINmdoIk8PYP5SySaxEmYv6TZ0JyEKA1hsCId6DIhgITtWQ==",
      "requires": {
        "ms": "^2.1.1"
      }
    },
    "easy-pdf-merge": {
      "version": "0.2.2",
      "resolved": "https://registry.npmjs.org/easy-pdf-merge/-/easy-pdf-merge-0.2.2.tgz",
      "integrity": "sha512-Cbf4BhCNRnjKQzXY8dbXjNE8KmWsjz7Jj0zk3pkEv8u+wxaLQxWEgu6W/EkH8RuygZIcqPepXNp7HJJ/0A5QTw=="
    },
    "ms": {
      "version": "2.1.2",
      "resolved": "https://registry.npmjs.org/ms/-/ms-2.1.2.tgz",
      "integrity": "sha512-sGkPx+VjMtmA6MX27oA4FBFELFCZZ4S4XqeGOXCv68tT+jb3vk/RyaKWP0PTKyWtmLSM0b+adUTEvbs1PEaH2w=="
    },
    "node-ensure": {
      "version": "0.0.0",
      "resolved": "https://registry.npmjs.org/node-ensure/-/node-ensure-0.0.0.tgz",
      "integrity": "sha1-7K52QVDemYYexcgQ/V0Jaxg5Mqc="
    },
    "os-tmpdir": {
      "version": "1.0.2",
      "resolved": "https://registry.npmjs.org/os-tmpdir/-/os-tmpdir-1.0.2.tgz",
      "integrity": "sha1-u+Z0BseaqFxc/sdm/lc0VV36EnQ="
    },
    "pdf-merge": {
      "version": "0.1.1",
      "resolved": "https://registry.npmjs.org/pdf-merge/-/pdf-merge-0.1.1.tgz",
      "integrity": "sha1-R70oar7MabTv03aBMEX+ZTezaaI=",
      "requires": {
        "async": "^1.2.0",
        "q": "^1.4.1",
        "shell-escape": "^0.2.0",
        "tmp": "0.0.26",
        "underscore": "^1.8.3"
      }
    },
    "pdf-parse": {
      "version": "1.1.1",
      "resolved": "https://registry.npmjs.org/pdf-parse/-/pdf-parse-1.1.1.tgz",
      "integrity": "sha512-v6ZJ/efsBpGrGGknjtq9J/oC8tZWq0KWL5vQrk2GlzLEQPUDB1ex+13Rmidl1neNN358Jn9EHZw5y07FFtaC7A==",
      "requires": {
        "debug": "^3.1.0",
        "node-ensure": "^0.0.0"
      }
    },
    "pdftk": {
      "version": "0.0.0-rc.0",
      "resolved": "https://registry.npmjs.org/pdftk/-/pdftk-0.0.0-rc.0.tgz",
      "integrity": "sha1-BKzx4B+hDLQcgS3EPivJgLhI8YI="
    },
    "q": {
      "version": "1.5.1",
      "resolved": "https://registry.npmjs.org/q/-/q-1.5.1.tgz",
      "integrity": "sha1-fjL3W0E4EpHQRhHxvxQQmsAGUdc="
    },
    "shell-escape": {
      "version": "0.2.0",
      "resolved": "https://registry.npmjs.org/shell-escape/-/shell-escape-0.2.0.tgz",
      "integrity": "sha1-aP0CXrBJC09WegJ/C/IkgLX4QTM="
    },
    "tmp": {
      "version": "0.0.26",
      "resolved": "https://registry.npmjs.org/tmp/-/tmp-0.0.26.tgz",
      "integrity": "sha1-nvqCDOKhD4H4l5VVus4/FVJs4fI=",
      "requires": {
        "os-tmpdir": "~1.0.0"
      }
    },
    "underscore": {
      "version": "1.9.1",
      "resolved": "https://registry.npmjs.org/underscore/-/underscore-1.9.1.tgz",
      "integrity": "sha512-5/4etnCkd9c8gwgowi5/om/mYO5ajCaOgdzj/oW+0eQV9WxKBDZw5+ycmKmeaTXjInS/W0BzpGLo2xR2aBwZdg=="
    }
  }
}
